
Microsoft Visual Studio Solution File, Format Version 12.00
# Visual Studio Version 16
VisualStudioVersion = 16.0.29806.167
MinimumVisualStudioVersion = 10.0.40219.1
Project("{FAE04EC0-301F-11D3-BF4B-00C04F79EFBC}") = "Test20", "Test20.csproj", "{B83E0BC2-A45B-4E31-A39A-13AE96CD8837}"
EndProject
Global
	GlobalSection(SolutionConfigurationPlatforms) = preSolution
		Debug|Any CPU = Debug|Any CPU
		Release|Any CPU = Release|Any CPU
	EndGlobalSection
	GlobalSection(ProjectConfigurationPlatforms) = postSolution
		{B83E0BC2-A45B-4E31-A39A-13AE96CD8837}.Debug|Any CPU.ActiveCfg = Debug|Any CPU
		{B83E0BC2-A45B-4E31-A39A-13AE96CD8837}.Debug|Any CPU.Build.0 = Debug|Any CPU
		{B83E0BC2-A45B-4E31-A39A-13AE96CD8837}.Release|Any CPU.ActiveCfg = Release|Any CPU
		{B83E0BC2-A45B-4E31-A39A-13AE96CD8837}.Release|Any CPU.Build.0 = Release|Any CPU
	EndGlobalSection
	GlobalSection(SolutionProperties) = preSolution
		HideSolutionNode = FALSE
	EndGlobalSection
	GlobalSection(ExtensibilityGlobals) = postSolution
		SolutionGuid = {024BDFD7-773E-4CC6-89CD-05861104B6DD}
	EndGlobalSection
EndGlobal
